// !$*UTF8*$!
{
	archiveVersion = 1;
	classes = {
	};
	objectVersion = 46;
	objects = {

/* Begin PBXBuildFile section */
		506CDC4818E821F400EF8DCA /* App.cpp in Sources */ = {isa = PBXBuildFile; fileRef = 506CDC3818E821F400EF8DCA /* App.cpp */; };
		506CDC4918E821F400EF8DCA /* Config.cpp in Sources */ = {isa = PBXBuildFile; fileRef = 506CDC3A18E821F400EF8DCA /* Config.cpp */; };
		506CDC4A18E821F400EF8DCA /* Frame.cpp in Sources */ = {isa = PBXBuildFile; fileRef = 506CDC3C18E821F400EF8DCA /* Frame.cpp */; };
		506CDC4B18E821F400EF8DCA /* AppearanceWindow.cpp in Sources */ = {isa = PBXBuildFile; fileRef = 506CDC3E18E821F400EF8DCA /* AppearanceWindow.cpp */; };
		506CDC4C18E821F400EF8DCA /* calcLayout.cpp in Sources */ = {isa = PBXBuildFile; fileRef = 506CDC4018E821F400EF8DCA /* calcLayout.cpp */; };
		506CDC4D18E821F400EF8DCA /* constraintsolver2d.cpp in Sources */ = {isa = PBXBuildFile; fileRef = 506CDC4118E821F400EF8DCA /* constraintsolver2d.cpp */; };
		506CDC4E18E821F400EF8DCA /* constraintsolver3d.cpp in Sources */ = {isa = PBXBuildFile; fileRef = 506CDC4218E821F400EF8DCA /* constraintsolver3d.cpp */; };
		506CDC4F18E821F400EF8DCA /* GraphicPanel.cpp in Sources */ = {isa = PBXBuildFile; fileRef = 506CDC4318E821F400EF8DCA /* GraphicPanel.cpp */; };
		506CDC5018E821F400EF8DCA /* Makefile in Sources */ = {isa = PBXBuildFile; fileRef = 506CDC4518E821F400EF8DCA /* Makefile */; };
		506CDC5118E821F400EF8DCA /* ControlPanel.cpp in Sources */ = {isa = PBXBuildFile; fileRef = 506CDC4618E821F400EF8DCA /* ControlPanel.cpp */; };
/* End PBXBuildFile section */

/* Begin PBXCopyFilesBuildPhase section */
		506CDC2618E81ED000EF8DCA /* CopyFiles */ = {
			isa = PBXCopyFilesBuildPhase;
			buildActionMask = 2147483647;
			dstPath = /usr/share/man/man1/;
			dstSubfolderSpec = 0;
			files = (
			);
			runOnlyForDeploymentPostprocessing = 1;
		};
/* End PBXCopyFilesBuildPhase section */

/* Begin PBXFileReference section */
		506CDC2818E81ED000EF8DCA /* agi3d */ = {isa = PBXFileReference; explicitFileType = "compiled.mach-o.executable"; includeInIndex = 0; name = agi3d; path = /Users/iwazaki/Workspace/Repository/Git/agi3d/build/Debug/agi3d; sourceTree = "<absolute>"; };
		506CDC3818E821F400EF8DCA /* App.cpp */ = {isa = PBXFileReference; fileEncoding = 4; lastKnownFileType = sourcecode.cpp.cpp; path = App.cpp; sourceTree = "<group>"; };
		506CDC3918E821F400EF8DCA /* App.h */ = {isa = PBXFileReference; fileEncoding = 4; lastKnownFileType = sourcecode.c.h; path = App.h; sourceTree = "<group>"; };
		506CDC3A18E821F400EF8DCA /* Config.cpp */ = {isa = PBXFileReference; fileEncoding = 4; lastKnownFileType = sourcecode.cpp.cpp; path = Config.cpp; sourceTree = "<group>"; };
		506CDC3B18E821F400EF8DCA /* Config.h */ = {isa = PBXFileReference; fileEncoding = 4; lastKnownFileType = sourcecode.c.h; path = Config.h; sourceTree = "<group>"; };
		506CDC3C18E821F400EF8DCA /* Frame.cpp */ = {isa = PBXFileReference; fileEncoding = 4; lastKnownFileType = sourcecode.cpp.cpp; path = Frame.cpp; sourceTree = "<group>"; };
		506CDC3D18E821F400EF8DCA /* Frame.h */ = {isa = PBXFileReference; fileEncoding = 4; lastKnownFileType = sourcecode.c.h; path = Frame.h; sourceTree = "<group>"; };
		506CDC3E18E821F400EF8DCA /* AppearanceWindow.cpp */ = {isa = PBXFileReference; fileEncoding = 4; lastKnownFileType = sourcecode.cpp.cpp; path = AppearanceWindow.cpp; sourceTree = "<group>"; };
		506CDC3F18E821F400EF8DCA /* AppearanceWindow.h */ = {isa = PBXFileReference; fileEncoding = 4; lastKnownFileType = sourcecode.c.h; path = AppearanceWindow.h; sourceTree = "<group>"; };
		506CDC4018E821F400EF8DCA /* calcLayout.cpp */ = {isa = PBXFileReference; fileEncoding = 4; lastKnownFileType = sourcecode.cpp.cpp; path = calcLayout.cpp; sourceTree = "<group>"; };
		506CDC4118E821F400EF8DCA /* constraintsolver2d.cpp */ = {isa = PBXFileReference; fileEncoding = 4; lastKnownFileType = sourcecode.cpp.cpp; path = constraintsolver2d.cpp; sourceTree = "<group>"; };
		506CDC4218E821F400EF8DCA /* constraintsolver3d.cpp */ = {isa = PBXFileReference; fileEncoding = 4; lastKnownFileType = sourcecode.cpp.cpp; path = constraintsolver3d.cpp; sourceTree = "<group>"; };
		506CDC4318E821F400EF8DCA /* GraphicPanel.cpp */ = {isa = PBXFileReference; fileEncoding = 4; lastKnownFileType = sourcecode.cpp.cpp; path = GraphicPanel.cpp; sourceTree = "<group>"; };
		506CDC4418E821F400EF8DCA /* GraphicPanel.h */ = {isa = PBXFileReference; fileEncoding = 4; lastKnownFileType = sourcecode.c.h; path = GraphicPanel.h; sourceTree = "<group>"; };
		506CDC4518E821F400EF8DCA /* Makefile */ = {isa = PBXFileReference; fileEncoding = 4; lastKnownFileType = sourcecode.make; path = Makefile; sourceTree = "<group>"; };
		506CDC4618E821F400EF8DCA /* ControlPanel.cpp */ = {isa = PBXFileReference; fileEncoding = 4; lastKnownFileType = sourcecode.cpp.cpp; path = ControlPanel.cpp; sourceTree = "<group>"; };
		506CDC4718E821F400EF8DCA /* ControlPanel.h */ = {isa = PBXFileReference; fileEncoding = 4; lastKnownFileType = sourcecode.c.h; path = ControlPanel.h; sourceTree = "<group>"; };
/* End PBXFileReference section */

/* Begin PBXFrameworksBuildPhase section */
		506CDC2518E81ED000EF8DCA /* Frameworks */ = {
			isa = PBXFrameworksBuildPhase;
			buildActionMask = 2147483647;
			files = (
			);
			runOnlyForDeploymentPostprocessing = 0;
		};
/* End PBXFrameworksBuildPhase section */

/* Begin PBXGroup section */
		506CDC1F18E81ED000EF8DCA = {
			isa = PBXGroup;
			children = (
				506CDC2A18E81ED000EF8DCA /* agi3d */,
			);
			sourceTree = "<group>";
		};
		506CDC2A18E81ED000EF8DCA /* agi3d */ = {
			isa = PBXGroup;
			children = (
				506CDC4518E821F400EF8DCA /* Makefile */,
				506CDC3818E821F400EF8DCA /* App.cpp */,
				506CDC3918E821F400EF8DCA /* App.h */,
				506CDC3A18E821F400EF8DCA /* Config.cpp */,
				506CDC3B18E821F400EF8DCA /* Config.h */,
				50F0D2BD18E82C690067249A /* controllers */,
				50F0D2BC18E82C5F0067249A /* models */,
				50F0D2BB18E82C1B0067249A /* views */,
			);
			path = agi3d;
			sourceTree = "<group>";
		};
		50F0D2BB18E82C1B0067249A /* views */ = {
			isa = PBXGroup;
			children = (
				506CDC4618E821F400EF8DCA /* ControlPanel.cpp */,
				506CDC4718E821F400EF8DCA /* ControlPanel.h */,
				506CDC4318E821F400EF8DCA /* GraphicPanel.cpp */,
				506CDC4418E821F400EF8DCA /* GraphicPanel.h */,
				506CDC3C18E821F400EF8DCA /* Frame.cpp */,
				506CDC3D18E821F400EF8DCA /* Frame.h */,
				506CDC3E18E821F400EF8DCA /* AppearanceWindow.cpp */,
				506CDC3F18E821F400EF8DCA /* AppearanceWindow.h */,
			);
			name = views;
			sourceTree = "<group>";
		};
		50F0D2BC18E82C5F0067249A /* models */ = {
			isa = PBXGroup;
			children = (
				506CDC4018E821F400EF8DCA /* calcLayout.cpp */,
				506CDC4118E821F400EF8DCA /* constraintsolver2d.cpp */,
				506CDC4218E821F400EF8DCA /* constraintsolver3d.cpp */,
			);
			name = models;
			sourceTree = "<group>";
		};
		50F0D2BD18E82C690067249A /* controllers */ = {
			isa = PBXGroup;
			children = (
			);
			name = controllers;
			sourceTree = "<group>";
		};
/* End PBXGroup section */

/* Begin PBXLegacyTarget section */
		506CDC3418E81F1900EF8DCA /* make */ = {
			isa = PBXLegacyTarget;
			buildArgumentsString = "$(ACTION)";
			buildConfigurationList = 506CDC3518E81F1900EF8DCA /* Build configuration list for PBXLegacyTarget "make" */;
			buildPhases = (
			);
			buildToolPath = /usr/bin/make;
			buildWorkingDirectory = "$(PROJECT)";
			dependencies = (
			);
			name = make;
			passBuildSettingsInEnvironment = 0;
			productName = make;
		};
/* End PBXLegacyTarget section */

/* Begin PBXNativeTarget section */
		506CDC2718E81ED000EF8DCA /* agi3d */ = {
			isa = PBXNativeTarget;
			buildConfigurationList = 506CDC3118E81ED000EF8DCA /* Build configuration list for PBXNativeTarget "agi3d" */;
			buildPhases = (
				506CDC2418E81ED000EF8DCA /* Sources */,
				506CDC2518E81ED000EF8DCA /* Frameworks */,
				506CDC2618E81ED000EF8DCA /* CopyFiles */,
			);
			buildRules = (
			);
			dependencies = (
			);
			name = agi3d;
			productName = agi3d;
			productReference = 506CDC2818E81ED000EF8DCA /* agi3d */;
			productType = "com.apple.product-type.tool";
		};
/* End PBXNativeTarget section */

/* Begin PBXProject section */
		506CDC2018E81ED000EF8DCA /* Project object */ = {
			isa = PBXProject;
			attributes = {
				LastUpgradeCheck = 0510;
				ORGANIZATIONNAME = com.nefrock;
			};
			buildConfigurationList = 506CDC2318E81ED000EF8DCA /* Build configuration list for PBXProject "agi3d" */;
			compatibilityVersion = "Xcode 3.2";
			developmentRegion = English;
			hasScannedForEncodings = 0;
			knownRegions = (
				en,
			);
			mainGroup = 506CDC1F18E81ED000EF8DCA;
			productRefGroup = 506CDC1F18E81ED000EF8DCA;
			projectDirPath = "";
			projectRoot = "";
			targets = (
				506CDC2718E81ED000EF8DCA /* agi3d */,
				506CDC3418E81F1900EF8DCA /* make */,
			);
		};
/* End PBXProject section */

/* Begin PBXSourcesBuildPhase section */
		506CDC2418E81ED000EF8DCA /* Sources */ = {
			isa = PBXSourcesBuildPhase;
			buildActionMask = 2147483647;
			files = (
				506CDC5018E821F400EF8DCA /* Makefile in Sources */,
				506CDC4A18E821F400EF8DCA /* Frame.cpp in Sources */,
				506CDC4B18E821F400EF8DCA /* AppearanceWindow.cpp in Sources */,
				506CDC4E18E821F400EF8DCA /* constraintsolver3d.cpp in Sources */,
				506CDC4C18E821F400EF8DCA /* calcLayout.cpp in Sources */,
				506CDC4F18E821F400EF8DCA /* GraphicPanel.cpp in Sources */,
				506CDC4818E821F400EF8DCA /* App.cpp in Sources */,
				506CDC4918E821F400EF8DCA /* Config.cpp in Sources */,
				506CDC4D18E821F400EF8DCA /* constraintsolver2d.cpp in Sources */,
				506CDC5118E821F400EF8DCA /* ControlPanel.cpp in Sources */,
			);
			runOnlyForDeploymentPostprocessing = 0;
		};
/* End PBXSourcesBuildPhase section */

/* Begin XCBuildConfiguration section */
		506CDC2F18E81ED000EF8DCA /* Debug */ = {
			isa = XCBuildConfiguration;
			buildSettings = {
				ALWAYS_SEARCH_USER_PATHS = NO;
				CLANG_CXX_LANGUAGE_STANDARD = "gnu++0x";
				CLANG_CXX_LIBRARY = "libc++";
				CLANG_ENABLE_MODULES = YES;
				CLANG_ENABLE_OBJC_ARC = YES;
				CLANG_WARN_BOOL_CONVERSION = YES;
				CLANG_WARN_CONSTANT_CONVERSION = YES;
				CLANG_WARN_DIRECT_OBJC_ISA_USAGE = YES_ERROR;
				CLANG_WARN_EMPTY_BODY = YES;
				CLANG_WARN_ENUM_CONVERSION = YES;
				CLANG_WARN_INT_CONVERSION = YES;
				CLANG_WARN_OBJC_ROOT_CLASS = YES_ERROR;
				CLANG_WARN__DUPLICATE_METHOD_MATCH = YES;
				COPY_PHASE_STRIP = NO;
				GCC_C_LANGUAGE_STANDARD = gnu99;
				GCC_DYNAMIC_NO_PIC = NO;
				GCC_ENABLE_OBJC_EXCEPTIONS = YES;
				GCC_OPTIMIZATION_LEVEL = 0;
				GCC_PREPROCESSOR_DEFINITIONS = (
					"DEBUG=1",
					"$(inherited)",
				);
				GCC_SYMBOLS_PRIVATE_EXTERN = NO;
				GCC_WARN_64_TO_32_BIT_CONVERSION = YES;
				GCC_WARN_ABOUT_RETURN_TYPE = YES_ERROR;
				GCC_WARN_UNDECLARED_SELECTOR = YES;
				GCC_WARN_UNINITIALIZED_AUTOS = YES_AGGRESSIVE;
				GCC_WARN_UNUSED_FUNCTION = YES;
				GCC_WARN_UNUSED_VARIABLE = YES;
				MACOSX_DEPLOYMENT_TARGET = 10.9;
				ONLY_ACTIVE_ARCH = YES;
				SDKROOT = macosx;
				USER_HEADER_SEARCH_PATHS = ". I/Users/iwazaki/homebrew/Cellar/wxmac/3.0.0/include/wx-3.0 /Users/iwazaki/homebrew/Cellar/wxmac/3.0.0/lib/wx/include/osx_cocoa-unicode-3.0 ";
			};
			name = Debug;
		};
		506CDC3018E81ED000EF8DCA /* Release */ = {
			isa = XCBuildConfiguration;
			buildSettings = {
				ALWAYS_SEARCH_USER_PATHS = NO;
				CLANG_CXX_LANGUAGE_STANDARD = "gnu++0x";
				CLANG_CXX_LIBRARY = "libc++";
				CLANG_ENABLE_MODULES = YES;
				CLANG_ENABLE_OBJC_ARC = YES;
				CLANG_WARN_BOOL_CONVERSION = YES;
				CLANG_WARN_CONSTANT_CONVERSION = YES;
				CLANG_WARN_DIRECT_OBJC_ISA_USAGE = YES_ERROR;
				CLANG_WARN_EMPTY_BODY = YES;
				CLANG_WARN_ENUM_CONVERSION = YES;
				CLANG_WARN_INT_CONVERSION = YES;
				CLANG_WARN_OBJC_ROOT_CLASS = YES_ERROR;
				CLANG_WARN__DUPLICATE_METHOD_MATCH = YES;
				COPY_PHASE_STRIP = YES;
				DEBUG_INFORMATION_FORMAT = "dwarf-with-dsym";
				ENABLE_NS_ASSERTIONS = NO;
				GCC_C_LANGUAGE_STANDARD = gnu99;
				GCC_ENABLE_OBJC_EXCEPTIONS = YES;
				GCC_WARN_64_TO_32_BIT_CONVERSION = YES;
				GCC_WARN_ABOUT_RETURN_TYPE = YES_ERROR;
				GCC_WARN_UNDECLARED_SELECTOR = YES;
				GCC_WARN_UNINITIALIZED_AUTOS = YES_AGGRESSIVE;
				GCC_WARN_UNUSED_FUNCTION = YES;
				GCC_WARN_UNUSED_VARIABLE = YES;
				MACOSX_DEPLOYMENT_TARGET = 10.9;
				SDKROOT = macosx;
				USER_HEADER_SEARCH_PATHS = ". I/Users/iwazaki/homebrew/Cellar/wxmac/3.0.0/include/wx-3.0 /Users/iwazaki/homebrew/Cellar/wxmac/3.0.0/lib/wx/include/osx_cocoa-unicode-3.0 ";
			};
			name = Release;
		};
		506CDC3218E81ED000EF8DCA /* Debug */ = {
			isa = XCBuildConfiguration;
			buildSettings = {
				PRODUCT_NAME = "$(TARGET_NAME)";
			};
			name = Debug;
		};
		506CDC3318E81ED000EF8DCA /* Release */ = {
			isa = XCBuildConfiguration;
			buildSettings = {
				PRODUCT_NAME = "$(TARGET_NAME)";
			};
			name = Release;
		};
		506CDC3618E81F1900EF8DCA /* Debug */ = {
			isa = XCBuildConfiguration;
			buildSettings = {
				DEBUGGING_SYMBOLS = YES;
				GCC_GENERATE_DEBUGGING_SYMBOLS = YES;
				GCC_OPTIMIZATION_LEVEL = 0;
				GCC_PREPROCESSOR_DEFINITIONS = (
					"DEBUG=1",
					"$(inherited)",
				);
				OTHER_CFLAGS = "";
				OTHER_LDFLAGS = "";
				PRODUCT_NAME = "$(TARGET_NAME)";
			};
			name = Debug;
		};
		506CDC3718E81F1900EF8DCA /* Release */ = {
			isa = XCBuildConfiguration;
			buildSettings = {
				OTHER_CFLAGS = "";
				OTHER_LDFLAGS = "";
				PRODUCT_NAME = "$(TARGET_NAME)";
			};
			name = Release;
		};
/* End XCBuildConfiguration section */

/* Begin XCConfigurationList section */
		506CDC2318E81ED000EF8DCA /* Build configuration list for PBXProject "agi3d" */ = {
			isa = XCConfigurationList;
			buildConfigurations = (
				506CDC2F18E81ED000EF8DCA /* Debug */,
				506CDC3018E81ED000EF8DCA /* Release */,
			);
			defaultConfigurationIsVisible = 0;
			defaultConfigurationName = Release;
		};
		506CDC3118E81ED000EF8DCA /* Build configuration list for PBXNativeTarget "agi3d" */ = {
			isa = XCConfigurationList;
			buildConfigurations = (
				506CDC3218E81ED000EF8DCA /* Debug */,
				506CDC3318E81ED000EF8DCA /* Release */,
			);
			defaultConfigurationIsVisible = 0;
			defaultConfigurationName = Release;
		};
		506CDC3518E81F1900EF8DCA /* Build configuration list for PBXLegacyTarget "make" */ = {
			isa = XCConfigurationList;
			buildConfigurations = (
				506CDC3618E81F1900EF8DCA /* Debug */,
				506CDC3718E81F1900EF8DCA /* Release */,
			);
			defaultConfigurationIsVisible = 0;
			defaultConfigurationName = Release;
		};
/* End XCConfigurationList section */
	};
	rootObject = 506CDC2018E81ED000EF8DCA /* Project object */;
}
